{
	"archiveVersion" = "1";
	"classes" =
		{
		};
	"objectVersion" = "46";
	"objects" =
		{
			"100000000000000000000002" =
				{
					"isa" = "PBXGroup";
					"children" =
						("E3AC96D288AD4FE7A220A77F", "D71402B87C314568AEC6DF2C");
					"sourceTree" = "<group>";
				};
			"100000000000000000000006" =
				{
					"isa" = "PBXNativeTarget";
					"buildPhases" =
						("100000000000000000000007");
					"buildRules" =
						();
					"dependencies" =
						();
					"name" = "test";
					"productName" = "test";
					"productType" = "com.apple.product-type.application";
				};
			"100000000000000000000001" =
				{
					"isa" = "PBXProject";
					"attributes" =
						{
							"LastUpgradeCheck" = "0620";
						};
					"buildConfigurationList" = "100000000000000000000003";
					"compatibilityVersion" = "Xcode 3.2";
					"developmentRegion" = "English";
					"hasScannedForEncodings" = "0";
					"knownRegions" =
						("en");
					"mainGroup" = "100000000000000000000002";
					"projectDirPath" = "";
					"projectRoot" = "";
					"targets" =
						("100000000000000000000006");
				};
			"100000000000000000000007" =
				{
					"isa" = "PBXSourcesBuildPhase";
					"buildActionMask" = "2147483647";
					"files" =
						();
					"runOnlyForDeploymentPostprocessing" = "0";
				};
			"100000000000000000000004" =
				{
					"isa" = "XCBuildConfiguration";
					"buildSettings" =
						{
							"INFOPLIST_FILE" = "/Users/MacBook/Desktop/Square Evade/ios/Info.plist.xml";
							"SDKROOT" = "iphoneos";
							"TARGETED_DEVICE_FAMILY" = "1,2";
							"GCC_PRECOMPILE_PREFIX_HEADER" = "YES";
							"GCC_PREFIX_HEADER" = "/Users/MacBook/Desktop/Square Evade/ios/robovm-build/xcode/.ib/Prefix.pch";
						};
					"name" = "Debug";
				};
			"100000000000000000000005" =
				{
					"isa" = "XCBuildConfiguration";
					"buildSettings" =
						{
							"INFOPLIST_FILE" = "/Users/MacBook/Desktop/Square Evade/ios/Info.plist.xml";
							"SDKROOT" = "iphoneos";
							"TARGETED_DEVICE_FAMILY" = "1,2";
							"GCC_PRECOMPILE_PREFIX_HEADER" = "YES";
							"GCC_PREFIX_HEADER" = "/Users/MacBook/Desktop/Square Evade/ios/robovm-build/xcode/.ib/Prefix.pch";
						};
					"name" = "Release";
				};
			"100000000000000000000003" =
				{
					"isa" = "XCConfigurationList";
					"buildConfigurations" =
						("100000000000000000000004", "100000000000000000000005");
					"defaultConfigurationIsVisible" = "0";
					"defaultConfigurationName" = "Release";
				};
			"E3AC96D288AD4FE7A220A77F" =
				{
					"isa" = "PBXGroup";
					"children" =
						("74384AF4F1B6495EBFC3635E", "9D9FCB3AA99F4DADB35733ED", "3F2F15E91CD74D2C8021F869",
 "C89B57AF12E34FE69CAD734B", "6ED8E31C916C4005BC59AD81", "20B1DF508E25444791C0D384",
 "831DDB4188184CF18026B80C", "6093D53766E448809FF353FD", "B09F99E8B86E40A69C7581C5",
 "2A2243468015481485518FBA", "C056D502A7A94F609D7614D2", "33942CF28D6C4E6798B8A90D",
 "7E667657FDE1413F8D10E45F", "C6CEA5469DBA42B58B4779D7");
					"name" = "Resources";
					"sourceTree" = "<absolute>";
					"path" = "/Users/MacBook/Desktop/Square Evade/ios/../android/assets";
				};
			"74384AF4F1B6495EBFC3635E" =
				{
					"isa" = "PBXFileReference";
					"name" = "badlogic.jpg";
					"lastKnownFileType" = "image.jpeg";
					"sourceTree" = "<group>";
					"path" = "badlogic.jpg";
				};
			"D6D9FEDA630D413AA4AF4A80" =
				{
					"isa" = "PBXFileReference";
					"name" = "Info.plist";
					"explicitFileType" = "text.plist.info";
					"sourceTree" = "<group>";
					"path" = "Info.plist.xml";
				};
			"D71402B87C314568AEC6DF2C" =
				{
					"isa" = "PBXGroup";
					"children" =
						("D6D9FEDA630D413AA4AF4A80");
					"name" = "Supporting Files";
					"sourceTree" = "<absolute>";
					"path" = "/Users/MacBook/Desktop/Square Evade/ios";
				};
			"7E667657FDE1413F8D10E45F" =
				{
					"isa" = "PBXFileReference";
					"name" = "OpenSans-Regular.ttf";
					"lastKnownFileType" = "file";
					"sourceTree" = "<group>";
					"path" = "OpenSans-Regular.ttf";
				};
			"C6CEA5469DBA42B58B4779D7" =
				{
					"isa" = "PBXFileReference";
					"name" = "RedDoor.png";
					"lastKnownFileType" = "image.png";
					"sourceTree" = "<group>";
					"path" = "RedDoor.png";
				};
			"9D9FCB3AA99F4DADB35733ED" =
				{
					"isa" = "PBXFileReference";
					"name" = "Default-375w-667h@2x.png";
					"lastKnownFileType" = "image.png";
					"sourceTree" = "<group>";
					"path" = "Default-375w-667h@2x.png";
				};
			"3F2F15E91CD74D2C8021F869" =
				{
					"isa" = "PBXFileReference";
					"name" = "Default-414w-736h@3x.png";
					"lastKnownFileType" = "image.png";
					"sourceTree" = "<group>";
					"path" = "Default-414w-736h@3x.png";
				};
			"C89B57AF12E34FE69CAD734B" =
				{
					"isa" = "PBXFileReference";
					"name" = "Default-568h@2x.png";
					"lastKnownFileType" = "image.png";
					"sourceTree" = "<group>";
					"path" = "Default-568h@2x.png";
				};
			"6ED8E31C916C4005BC59AD81" =
				{
					"isa" = "PBXFileReference";
					"name" = "Default.png";
					"lastKnownFileType" = "image.png";
					"sourceTree" = "<group>";
					"path" = "Default.png";
				};
			"20B1DF508E25444791C0D384" =
				{
					"isa" = "PBXFileReference";
					"name" = "Default@2x.png";
					"lastKnownFileType" = "image.png";
					"sourceTree" = "<group>";
					"path" = "Default@2x.png";
				};
			"831DDB4188184CF18026B80C" =
				{
					"isa" = "PBXFileReference";
					"name" = "Default@2x~ipad.png";
					"lastKnownFileType" = "image.png";
					"sourceTree" = "<group>";
					"path" = "Default@2x~ipad.png";
				};
			"6093D53766E448809FF353FD" =
				{
					"isa" = "PBXFileReference";
					"name" = "Default~ipad.png";
					"lastKnownFileType" = "image.png";
					"sourceTree" = "<group>";
					"path" = "Default~ipad.png";
				};
			"B09F99E8B86E40A69C7581C5" =
				{
					"isa" = "PBXFileReference";
					"name" = "Icon-72.png";
					"lastKnownFileType" = "image.png";
					"sourceTree" = "<group>";
					"path" = "Icon-72.png";
				};
			"2A2243468015481485518FBA" =
				{
					"isa" = "PBXFileReference";
					"name" = "Icon-72@2x.png";
					"lastKnownFileType" = "image.png";
					"sourceTree" = "<group>";
					"path" = "Icon-72@2x.png";
				};
			"C056D502A7A94F609D7614D2" =
				{
					"isa" = "PBXFileReference";
					"name" = "Icon.png";
					"lastKnownFileType" = "image.png";
					"sourceTree" = "<group>";
					"path" = "Icon.png";
				};
			"33942CF28D6C4E6798B8A90D" =
				{
					"isa" = "PBXFileReference";
					"name" = "Icon@2x.png";
					"lastKnownFileType" = "image.png";
					"sourceTree" = "<group>";
					"path" = "Icon@2x.png";
				};
		};
	"rootObject" = "100000000000000000000001";
}
